
Microsoft Visual Studio Solution File, Format Version 12.00
# Visual Studio 15
VisualStudioVersion = 15.0.28307.168
MinimumVisualStudioVersion = 10.0.40219.1
Project("{8BC9CEB8-8B4A-11D0-8D11-00A0C91BC942}") = "Project", "Project\Project.vcxproj", "{AE2845D6-6A49-4839-9906-F4F6676572BC}"
EndProject
Global
	GlobalSection(SolutionConfigurationPlatforms) = preSolution
		Debug|x64 = Debug|x64
		Debug|x86 = Debug|x86
		Release|x64 = Release|x64
		Release|x86 = Release|x86
	EndGlobalSection
	GlobalSection(ProjectConfigurationPlatforms) = postSolution
		{AE2845D6-6A49-4839-9906-F4F6676572BC}.Debug|x64.ActiveCfg = Debug|x64
		{AE2845D6-6A49-4839-9906-F4F6676572BC}.Debug|x64.Build.0 = Debug|x64
		{AE2845D6-6A49-4839-9906-F4F6676572BC}.Debug|x86.ActiveCfg = Debug|Win32
		{AE2845D6-6A49-4839-9906-F4F6676572BC}.Debug|x86.Build.0 = Debug|Win32
		{AE2845D6-6A49-4839-9906-F4F6676572BC}.Release|x64.ActiveCfg = Release|x64
		{AE2845D6-6A49-4839-9906-F4F6676572BC}.Release|x64.Build.0 = Release|x64
		{AE2845D6-6A49-4839-9906-F4F6676572BC}.Release|x86.ActiveCfg = Release|Win32
		{AE2845D6-6A49-4839-9906-F4F6676572BC}.Release|x86.Build.0 = Release|Win32
	EndGlobalSection
	GlobalSection(SolutionProperties) = preSolution
		HideSolutionNode = FALSE
	EndGlobalSection
	GlobalSection(ExtensibilityGlobals) = postSolution
		SolutionGuid = {38A2AB02-3D4E-41FF-8900-EDD1A5179EDA}
	EndGlobalSection
EndGlobal
